
Microsoft Visual Studio Solution File, Format Version 12.00
# Visual Studio Version 17
VisualStudioVersion = 17.4.33213.308
MinimumVisualStudioVersion = 10.0.40219.1
Project("{9A19103F-16F7-4668-BE54-9A1E7A4F7556}") = "StudentFiles", "StudentFiles\StudentFiles.csproj", "{2FE7CF60-2987-440D-BA4B-50C64A699305}"
EndProject
Project("{FAE04EC0-301F-11D3-BF4B-00C04F79EFBC}") = "InputFolderGeneration", "InputFolderGeneration\InputFolderGeneration.csproj", "{E8EA3C62-1226-4396-96BD-847F1FE6AA86}"
EndProject
Global
	GlobalSection(SolutionConfigurationPlatforms) = preSolution
		Debug|Any CPU = Debug|Any CPU
		Release|Any CPU = Release|Any CPU
	EndGlobalSection
	GlobalSection(ProjectConfigurationPlatforms) = postSolution
		{2FE7CF60-2987-440D-BA4B-50C64A699305}.Debug|Any CPU.ActiveCfg = Debug|Any CPU
		{2FE7CF60-2987-440D-BA4B-50C64A699305}.Debug|Any CPU.Build.0 = Debug|Any CPU
		{2FE7CF60-2987-440D-BA4B-50C64A699305}.Release|Any CPU.ActiveCfg = Release|Any CPU
		{2FE7CF60-2987-440D-BA4B-50C64A699305}.Release|Any CPU.Build.0 = Release|Any CPU
		{E8EA3C62-1226-4396-96BD-847F1FE6AA86}.Debug|Any CPU.ActiveCfg = Debug|Any CPU
		{E8EA3C62-1226-4396-96BD-847F1FE6AA86}.Debug|Any CPU.Build.0 = Debug|Any CPU
		{E8EA3C62-1226-4396-96BD-847F1FE6AA86}.Release|Any CPU.ActiveCfg = Release|Any CPU
		{E8EA3C62-1226-4396-96BD-847F1FE6AA86}.Release|Any CPU.Build.0 = Release|Any CPU
	EndGlobalSection
	GlobalSection(SolutionProperties) = preSolution
		HideSolutionNode = FALSE
	EndGlobalSection
	GlobalSection(ExtensibilityGlobals) = postSolution
		SolutionGuid = {01CAAC2B-B373-4A1E-B13F-5B144F987250}
	EndGlobalSection
EndGlobal
